
Microsoft Visual Studio Solution File, Format Version 12.00
# Visual Studio Version 17
VisualStudioVersion = 17.8.34322.80
MinimumVisualStudioVersion = 10.0.40219.1
Project("{FAE04EC0-301F-11D3-BF4B-00C04F79EFBC}") = "Pixel Palace", "Pixel Palace\Pixel Palace.csproj", "{CBA97A86-80E2-4E76-AA9E-58C29D413B10}"
EndProject
Global
	GlobalSection(SolutionConfigurationPlatforms) = preSolution
		Debug|Any CPU = Debug|Any CPU
		Release|Any CPU = Release|Any CPU
	EndGlobalSection
	GlobalSection(ProjectConfigurationPlatforms) = postSolution
		{CBA97A86-80E2-4E76-AA9E-58C29D413B10}.Debug|Any CPU.ActiveCfg = Debug|Any CPU
		{CBA97A86-80E2-4E76-AA9E-58C29D413B10}.Debug|Any CPU.Build.0 = Debug|Any CPU
		{CBA97A86-80E2-4E76-AA9E-58C29D413B10}.Release|Any CPU.ActiveCfg = Release|Any CPU
		{CBA97A86-80E2-4E76-AA9E-58C29D413B10}.Release|Any CPU.Build.0 = Release|Any CPU
	EndGlobalSection
	GlobalSection(SolutionProperties) = preSolution
		HideSolutionNode = FALSE
	EndGlobalSection
	GlobalSection(ExtensibilityGlobals) = postSolution
		SolutionGuid = {105C013F-A91B-445C-9872-9CDE76C10EF2}
	EndGlobalSection
EndGlobal
